
Microsoft Visual Studio Solution File, Format Version 12.00
# Visual Studio Version 17
VisualStudioVersion = 17.4.33122.133
MinimumVisualStudioVersion = 10.0.40219.1
Project("{9A19103F-16F7-4668-BE54-9A1E7A4F7556}") = "Infra", "ClassLibrary1\Infra.csproj", "{89ECB60E-A360-4BE6-BB46-95080BCB8D70}"
EndProject
Project("{9A19103F-16F7-4668-BE54-9A1E7A4F7556}") = "Models", "Models\Models.csproj", "{8DB0FAF6-15C9-4E19-A6A0-E1BDA9F47733}"
EndProject
Project("{9A19103F-16F7-4668-BE54-9A1E7A4F7556}") = "Services", "Services\Services.csproj", "{9796A628-C0A5-4852-AAFE-47C6C6D419DD}"
EndProject
Project("{9A19103F-16F7-4668-BE54-9A1E7A4F7556}") = "Api", "Api\Api.csproj", "{076B08D3-CD46-43E2-866B-AD2E713D302F}"
EndProject
Project("{2150E333-8FDC-42A3-9474-1A3956D46DE8}") = "1 - Presentation", "1 - Presentation", "{532AA405-D68C-44F5-A406-27D01A50A16D}"
EndProject
Project("{2150E333-8FDC-42A3-9474-1A3956D46DE8}") = "3 - InfraStructure", "3 - InfraStructure", "{B7BC28C0-EFC5-4716-AAFE-CBDAA6885DE9}"
EndProject
Project("{2150E333-8FDC-42A3-9474-1A3956D46DE8}") = "2 - Services", "2 - Services", "{C04B8212-8490-4BAA-9FA2-20718851994D}"
EndProject
Project("{2150E333-8FDC-42A3-9474-1A3956D46DE8}") = "4 - Entitites", "4 - Entitites", "{BA5F29B6-BA19-4C9B-A62C-4A77F9F289FC}"
EndProject
Project("{FAE04EC0-301F-11D3-BF4B-00C04F79EFBC}") = "Repository", "Repository\Repository.csproj", "{6546F881-87F3-4D02-A992-7548477FCFAD}"
EndProject
Global
	GlobalSection(SolutionConfigurationPlatforms) = preSolution
		Debug|Any CPU = Debug|Any CPU
		Release|Any CPU = Release|Any CPU
	EndGlobalSection
	GlobalSection(ProjectConfigurationPlatforms) = postSolution
		{89ECB60E-A360-4BE6-BB46-95080BCB8D70}.Debug|Any CPU.ActiveCfg = Debug|Any CPU
		{89ECB60E-A360-4BE6-BB46-95080BCB8D70}.Debug|Any CPU.Build.0 = Debug|Any CPU
		{89ECB60E-A360-4BE6-BB46-95080BCB8D70}.Release|Any CPU.ActiveCfg = Release|Any CPU
		{89ECB60E-A360-4BE6-BB46-95080BCB8D70}.Release|Any CPU.Build.0 = Release|Any CPU
		{8DB0FAF6-15C9-4E19-A6A0-E1BDA9F47733}.Debug|Any CPU.ActiveCfg = Debug|Any CPU
		{8DB0FAF6-15C9-4E19-A6A0-E1BDA9F47733}.Debug|Any CPU.Build.0 = Debug|Any CPU
		{8DB0FAF6-15C9-4E19-A6A0-E1BDA9F47733}.Release|Any CPU.ActiveCfg = Release|Any CPU
		{8DB0FAF6-15C9-4E19-A6A0-E1BDA9F47733}.Release|Any CPU.Build.0 = Release|Any CPU
		{9796A628-C0A5-4852-AAFE-47C6C6D419DD}.Debug|Any CPU.ActiveCfg = Debug|Any CPU
		{9796A628-C0A5-4852-AAFE-47C6C6D419DD}.Debug|Any CPU.Build.0 = Debug|Any CPU
		{9796A628-C0A5-4852-AAFE-47C6C6D419DD}.Release|Any CPU.ActiveCfg = Release|Any CPU
		{9796A628-C0A5-4852-AAFE-47C6C6D419DD}.Release|Any CPU.Build.0 = Release|Any CPU
		{076B08D3-CD46-43E2-866B-AD2E713D302F}.Debug|Any CPU.ActiveCfg = Debug|Any CPU
		{076B08D3-CD46-43E2-866B-AD2E713D302F}.Debug|Any CPU.Build.0 = Debug|Any CPU
		{076B08D3-CD46-43E2-866B-AD2E713D302F}.Release|Any CPU.ActiveCfg = Release|Any CPU
		{076B08D3-CD46-43E2-866B-AD2E713D302F}.Release|Any CPU.Build.0 = Release|Any CPU
		{6546F881-87F3-4D02-A992-7548477FCFAD}.Debug|Any CPU.ActiveCfg = Debug|Any CPU
		{6546F881-87F3-4D02-A992-7548477FCFAD}.Debug|Any CPU.Build.0 = Debug|Any CPU
		{6546F881-87F3-4D02-A992-7548477FCFAD}.Release|Any CPU.ActiveCfg = Release|Any CPU
		{6546F881-87F3-4D02-A992-7548477FCFAD}.Release|Any CPU.Build.0 = Release|Any CPU
	EndGlobalSection
	GlobalSection(SolutionProperties) = preSolution
		HideSolutionNode = FALSE
	EndGlobalSection
	GlobalSection(NestedProjects) = preSolution
		{89ECB60E-A360-4BE6-BB46-95080BCB8D70} = {B7BC28C0-EFC5-4716-AAFE-CBDAA6885DE9}
		{8DB0FAF6-15C9-4E19-A6A0-E1BDA9F47733} = {BA5F29B6-BA19-4C9B-A62C-4A77F9F289FC}
		{9796A628-C0A5-4852-AAFE-47C6C6D419DD} = {C04B8212-8490-4BAA-9FA2-20718851994D}
		{076B08D3-CD46-43E2-866B-AD2E713D302F} = {532AA405-D68C-44F5-A406-27D01A50A16D}
		{6546F881-87F3-4D02-A992-7548477FCFAD} = {B7BC28C0-EFC5-4716-AAFE-CBDAA6885DE9}
	EndGlobalSection
	GlobalSection(ExtensibilityGlobals) = postSolution
		SolutionGuid = {76884B5D-BA0C-4DB2-87BC-393EAB046924}
	EndGlobalSection
EndGlobal
